// !$*UTF8*$!
{
	archiveVersion = 1;
	classes = {
	};
	objectVersion = 56;
	objects = {

/* Begin PBXBuildFile section */
		6AA053C12903237E00D1D3C0 /* GameSelectionViewController.swift in Sources */ = {isa = PBXBuildFile; fileRef = 6AA053C02903237E00D1D3C0 /* GameSelectionViewController.swift */; };
		6AA053C3290327E000D1D3C0 /* CreateGameViewController.swift in Sources */ = {isa = PBXBuildFile; fileRef = 6AA053C2290327E000D1D3C0 /* CreateGameViewController.swift */; };
		7BCA53B328E61DF700EA9E71 /* AppDelegate.swift in Sources */ = {isa = PBXBuildFile; fileRef = 7BCA53B228E61DF700EA9E71 /* AppDelegate.swift */; };
		7BCA53B528E61DF700EA9E71 /* SceneDelegate.swift in Sources */ = {isa = PBXBuildFile; fileRef = 7BCA53B428E61DF700EA9E71 /* SceneDelegate.swift */; };
		7BCA53BA28E61DF700EA9E71 /* Main.storyboard in Resources */ = {isa = PBXBuildFile; fileRef = 7BCA53B828E61DF700EA9E71 /* Main.storyboard */; };
		7BCA53BC28E61DF900EA9E71 /* Assets.xcassets in Resources */ = {isa = PBXBuildFile; fileRef = 7BCA53BB28E61DF900EA9E71 /* Assets.xcassets */; };
		7BCA53BF28E61DF900EA9E71 /* LaunchScreen.storyboard in Resources */ = {isa = PBXBuildFile; fileRef = 7BCA53BD28E61DF900EA9E71 /* LaunchScreen.storyboard */; };
		7BCA53CA28E61DF900EA9E71 /* PhotoRouletteTests.swift in Sources */ = {isa = PBXBuildFile; fileRef = 7BCA53C928E61DF900EA9E71 /* PhotoRouletteTests.swift */; };
		7BCA53D428E61DF900EA9E71 /* PhotoRouletteUITests.swift in Sources */ = {isa = PBXBuildFile; fileRef = 7BCA53D328E61DF900EA9E71 /* PhotoRouletteUITests.swift */; };
		7BCA53D628E61DF900EA9E71 /* PhotoRouletteUITestsLaunchTests.swift in Sources */ = {isa = PBXBuildFile; fileRef = 7BCA53D528E61DF900EA9E71 /* PhotoRouletteUITestsLaunchTests.swift */; };
		7BCA53E328E61E4300EA9E71 /* LoginViewController.swift in Sources */ = {isa = PBXBuildFile; fileRef = 7BCA53E228E61E4300EA9E71 /* LoginViewController.swift */; };
/* End PBXBuildFile section */

/* Begin PBXContainerItemProxy section */
		7BCA53C628E61DF900EA9E71 /* PBXContainerItemProxy */ = {
			isa = PBXContainerItemProxy;
			containerPortal = 7BCA53A728E61DF700EA9E71 /* Project object */;
			proxyType = 1;
			remoteGlobalIDString = 7BCA53AE28E61DF700EA9E71;
			remoteInfo = PhotoRoulette;
		};
		7BCA53D028E61DF900EA9E71 /* PBXContainerItemProxy */ = {
			isa = PBXContainerItemProxy;
			containerPortal = 7BCA53A728E61DF700EA9E71 /* Project object */;
			proxyType = 1;
			remoteGlobalIDString = 7BCA53AE28E61DF700EA9E71;
			remoteInfo = PhotoRoulette;
		};
/* End PBXContainerItemProxy section */

/* Begin PBXFileReference section */
		6AA053C02903237E00D1D3C0 /* GameSelectionViewController.swift */ = {isa = PBXFileReference; lastKnownFileType = sourcecode.swift; path = GameSelectionViewController.swift; sourceTree = "<group>"; };
		6AA053C2290327E000D1D3C0 /* CreateGameViewController.swift */ = {isa = PBXFileReference; lastKnownFileType = sourcecode.swift; path = CreateGameViewController.swift; sourceTree = "<group>"; };
		7BCA53AF28E61DF700EA9E71 /* PhotoRoulette.app */ = {isa = PBXFileReference; explicitFileType = wrapper.application; includeInIndex = 0; path = PhotoRoulette.app; sourceTree = BUILT_PRODUCTS_DIR; };
		7BCA53B228E61DF700EA9E71 /* AppDelegate.swift */ = {isa = PBXFileReference; lastKnownFileType = sourcecode.swift; path = AppDelegate.swift; sourceTree = "<group>"; };
		7BCA53B428E61DF700EA9E71 /* SceneDelegate.swift */ = {isa = PBXFileReference; lastKnownFileType = sourcecode.swift; path = SceneDelegate.swift; sourceTree = "<group>"; };
		7BCA53B928E61DF700EA9E71 /* Base */ = {isa = PBXFileReference; lastKnownFileType = file.storyboard; name = Base; path = Base.lproj/Main.storyboard; sourceTree = "<group>"; };
		7BCA53BB28E61DF900EA9E71 /* Assets.xcassets */ = {isa = PBXFileReference; lastKnownFileType = folder.assetcatalog; path = Assets.xcassets; sourceTree = "<group>"; };
		7BCA53BE28E61DF900EA9E71 /* Base */ = {isa = PBXFileReference; lastKnownFileType = file.storyboard; name = Base; path = Base.lproj/LaunchScreen.storyboard; sourceTree = "<group>"; };
		7BCA53C028E61DF900EA9E71 /* Info.plist */ = {isa = PBXFileReference; lastKnownFileType = text.plist.xml; path = Info.plist; sourceTree = "<group>"; };
		7BCA53C528E61DF900EA9E71 /* PhotoRouletteTests.xctest */ = {isa = PBXFileReference; explicitFileType = wrapper.cfbundle; includeInIndex = 0; path = PhotoRouletteTests.xctest; sourceTree = BUILT_PRODUCTS_DIR; };
		7BCA53C928E61DF900EA9E71 /* PhotoRouletteTests.swift */ = {isa = PBXFileReference; lastKnownFileType = sourcecode.swift; path = PhotoRouletteTests.swift; sourceTree = "<group>"; };
		7BCA53CF28E61DF900EA9E71 /* PhotoRouletteUITests.xctest */ = {isa = PBXFileReference; explicitFileType = wrapper.cfbundle; includeInIndex = 0; path = PhotoRouletteUITests.xctest; sourceTree = BUILT_PRODUCTS_DIR; };
		7BCA53D328E61DF900EA9E71 /* PhotoRouletteUITests.swift */ = {isa = PBXFileReference; lastKnownFileType = sourcecode.swift; path = PhotoRouletteUITests.swift; sourceTree = "<group>"; };
		7BCA53D528E61DF900EA9E71 /* PhotoRouletteUITestsLaunchTests.swift */ = {isa = PBXFileReference; lastKnownFileType = sourcecode.swift; path = PhotoRouletteUITestsLaunchTests.swift; sourceTree = "<group>"; };
		7BCA53E228E61E4300EA9E71 /* LoginViewController.swift */ = {isa = PBXFileReference; lastKnownFileType = sourcecode.swift; path = LoginViewController.swift; sourceTree = "<group>"; };
/* End PBXFileReference section */

/* Begin PBXFrameworksBuildPhase section */
		7BCA53AC28E61DF700EA9E71 /* Frameworks */ = {
			isa = PBXFrameworksBuildPhase;
			buildActionMask = 2147483647;
			files = (
			);
			runOnlyForDeploymentPostprocessing = 0;
		};
		7BCA53C228E61DF900EA9E71 /* Frameworks */ = {
			isa = PBXFrameworksBuildPhase;
			buildActionMask = 2147483647;
			files = (
			);
			runOnlyForDeploymentPostprocessing = 0;
		};
		7BCA53CC28E61DF900EA9E71 /* Frameworks */ = {
			isa = PBXFrameworksBuildPhase;
			buildActionMask = 2147483647;
			files = (
			);
			runOnlyForDeploymentPostprocessing = 0;
		};
/* End PBXFrameworksBuildPhase section */

/* Begin PBXGroup section */
		7BCA53A628E61DF700EA9E71 = {
			isa = PBXGroup;
			children = (
				7BCA53B128E61DF700EA9E71 /* PhotoRoulette */,
				7BCA53C828E61DF900EA9E71 /* PhotoRouletteTests */,
				7BCA53D228E61DF900EA9E71 /* PhotoRouletteUITests */,
				7BCA53B028E61DF700EA9E71 /* Products */,
			);
			sourceTree = "<group>";
		};
		7BCA53B028E61DF700EA9E71 /* Products */ = {
			isa = PBXGroup;
			children = (
				7BCA53AF28E61DF700EA9E71 /* PhotoRoulette.app */,
				7BCA53C528E61DF900EA9E71 /* PhotoRouletteTests.xctest */,
				7BCA53CF28E61DF900EA9E71 /* PhotoRouletteUITests.xctest */,
			);
			name = Products;
			sourceTree = "<group>";
		};
		7BCA53B128E61DF700EA9E71 /* PhotoRoulette */ = {
			isa = PBXGroup;
			children = (
				7BCA53B228E61DF700EA9E71 /* AppDelegate.swift */,
				7BCA53B428E61DF700EA9E71 /* SceneDelegate.swift */,
				7BCA53B828E61DF700EA9E71 /* Main.storyboard */,
				7BCA53BB28E61DF900EA9E71 /* Assets.xcassets */,
				7BCA53BD28E61DF900EA9E71 /* LaunchScreen.storyboard */,
				7BCA53C028E61DF900EA9E71 /* Info.plist */,
				7BCA53E228E61E4300EA9E71 /* LoginViewController.swift */,
				6AA053C02903237E00D1D3C0 /* GameSelectionViewController.swift */,
				6AA053C2290327E000D1D3C0 /* CreateGameViewController.swift */,
			);
			path = PhotoRoulette;
			sourceTree = "<group>";
		};
		7BCA53C828E61DF900EA9E71 /* PhotoRouletteTests */ = {
			isa = PBXGroup;
			children = (
				7BCA53C928E61DF900EA9E71 /* PhotoRouletteTests.swift */,
			);
			path = PhotoRouletteTests;
			sourceTree = "<group>";
		};
		7BCA53D228E61DF900EA9E71 /* PhotoRouletteUITests */ = {
			isa = PBXGroup;
			children = (
				7BCA53D328E61DF900EA9E71 /* PhotoRouletteUITests.swift */,
				7BCA53D528E61DF900EA9E71 /* PhotoRouletteUITestsLaunchTests.swift */,
			);
			path = PhotoRouletteUITests;
			sourceTree = "<group>";
		};
/* End PBXGroup section */

/* Begin PBXNativeTarget section */
		7BCA53AE28E61DF700EA9E71 /* PhotoRoulette */ = {
			isa = PBXNativeTarget;
			buildConfigurationList = 7BCA53D928E61DF900EA9E71 /* Build configuration list for PBXNativeTarget "PhotoRoulette" */;
			buildPhases = (
				7BCA53AB28E61DF700EA9E71 /* Sources */,
				7BCA53AC28E61DF700EA9E71 /* Frameworks */,
				7BCA53AD28E61DF700EA9E71 /* Resources */,
			);
			buildRules = (
			);
			dependencies = (
			);
			name = PhotoRoulette;
			productName = PhotoRoulette;
			productReference = 7BCA53AF28E61DF700EA9E71 /* PhotoRoulette.app */;
			productType = "com.apple.product-type.application";
		};
		7BCA53C428E61DF900EA9E71 /* PhotoRouletteTests */ = {
			isa = PBXNativeTarget;
			buildConfigurationList = 7BCA53DC28E61DF900EA9E71 /* Build configuration list for PBXNativeTarget "PhotoRouletteTests" */;
			buildPhases = (
				7BCA53C128E61DF900EA9E71 /* Sources */,
				7BCA53C228E61DF900EA9E71 /* Frameworks */,
				7BCA53C328E61DF900EA9E71 /* Resources */,
			);
			buildRules = (
			);
			dependencies = (
				7BCA53C728E61DF900EA9E71 /* PBXTargetDependency */,
			);
			name = PhotoRouletteTests;
			productName = PhotoRouletteTests;
			productReference = 7BCA53C528E61DF900EA9E71 /* PhotoRouletteTests.xctest */;
			productType = "com.apple.product-type.bundle.unit-test";
		};
		7BCA53CE28E61DF900EA9E71 /* PhotoRouletteUITests */ = {
			isa = PBXNativeTarget;
			buildConfigurationList = 7BCA53DF28E61DF900EA9E71 /* Build configuration list for PBXNativeTarget "PhotoRouletteUITests" */;
			buildPhases = (
				7BCA53CB28E61DF900EA9E71 /* Sources */,
				7BCA53CC28E61DF900EA9E71 /* Frameworks */,
				7BCA53CD28E61DF900EA9E71 /* Resources */,
			);
			buildRules = (
			);
			dependencies = (
				7BCA53D128E61DF900EA9E71 /* PBXTargetDependency */,
			);
			name = PhotoRouletteUITests;
			productName = PhotoRouletteUITests;
			productReference = 7BCA53CF28E61DF900EA9E71 /* PhotoRouletteUITests.xctest */;
			productType = "com.apple.product-type.bundle.ui-testing";
		};
/* End PBXNativeTarget section */

/* Begin PBXProject section */
		7BCA53A728E61DF700EA9E71 /* Project object */ = {
			isa = PBXProject;
			attributes = {
				BuildIndependentTargetsInParallel = 1;
				LastSwiftUpdateCheck = 1400;
				LastUpgradeCheck = 1400;
				TargetAttributes = {
					7BCA53AE28E61DF700EA9E71 = {
						CreatedOnToolsVersion = 14.0.1;
					};
					7BCA53C428E61DF900EA9E71 = {
						CreatedOnToolsVersion = 14.0.1;
						TestTargetID = 7BCA53AE28E61DF700EA9E71;
					};
					7BCA53CE28E61DF900EA9E71 = {
						CreatedOnToolsVersion = 14.0.1;
						TestTargetID = 7BCA53AE28E61DF700EA9E71;
					};
				};
			};
			buildConfigurationList = 7BCA53AA28E61DF700EA9E71 /* Build configuration list for PBXProject "PhotoRoulette" */;
			compatibilityVersion = "Xcode 14.0";
			developmentRegion = en;
			hasScannedForEncodings = 0;
			knownRegions = (
				en,
				Base,
			);
			mainGroup = 7BCA53A628E61DF700EA9E71;
			productRefGroup = 7BCA53B028E61DF700EA9E71 /* Products */;
			projectDirPath = "";
			projectRoot = "";
			targets = (
				7BCA53AE28E61DF700EA9E71 /* PhotoRoulette */,
				7BCA53C428E61DF900EA9E71 /* PhotoRouletteTests */,
				7BCA53CE28E61DF900EA9E71 /* PhotoRouletteUITests */,
			);
		};
/* End PBXProject section */

/* Begin PBXResourcesBuildPhase section */
		7BCA53AD28E61DF700EA9E71 /* Resources */ = {
			isa = PBXResourcesBuildPhase;
			buildActionMask = 2147483647;
			files = (
				7BCA53BF28E61DF900EA9E71 /* LaunchScreen.storyboard in Resources */,
				7BCA53BC28E61DF900EA9E71 /* Assets.xcassets in Resources */,
				7BCA53BA28E61DF700EA9E71 /* Main.storyboard in Resources */,
			);
			runOnlyForDeploymentPostprocessing = 0;
		};
		7BCA53C328E61DF900EA9E71 /* Resources */ = {
			isa = PBXResourcesBuildPhase;
			buildActionMask = 2147483647;
			files = (
			);
			runOnlyForDeploymentPostprocessing = 0;
		};
		7BCA53CD28E61DF900EA9E71 /* Resources */ = {
			isa = PBXResourcesBuildPhase;
			buildActionMask = 2147483647;
			files = (
			);
			runOnlyForDeploymentPostprocessing = 0;
		};
/* End PBXResourcesBuildPhase section */

/* Begin PBXSourcesBuildPhase section */
		7BCA53AB28E61DF700EA9E71 /* Sources */ = {
			isa = PBXSourcesBuildPhase;
			buildActionMask = 2147483647;
			files = (
				7BCA53E328E61E4300EA9E71 /* LoginViewController.swift in Sources */,
				6AA053C12903237E00D1D3C0 /* GameSelectionViewController.swift in Sources */,
				7BCA53B328E61DF700EA9E71 /* AppDelegate.swift in Sources */,
				7BCA53B528E61DF700EA9E71 /* SceneDelegate.swift in Sources */,
				6AA053C3290327E000D1D3C0 /* CreateGameViewController.swift in Sources */,
			);
			runOnlyForDeploymentPostprocessing = 0;
		};
		7BCA53C128E61DF900EA9E71 /* Sources */ = {
			isa = PBXSourcesBuildPhase;
			buildActionMask = 2147483647;
			files = (
				7BCA53CA28E61DF900EA9E71 /* PhotoRouletteTests.swift in Sources */,
			);
			runOnlyForDeploymentPostprocessing = 0;
		};
		7BCA53CB28E61DF900EA9E71 /* Sources */ = {
			isa = PBXSourcesBuildPhase;
			buildActionMask = 2147483647;
			files = (
				7BCA53D428E61DF900EA9E71 /* PhotoRouletteUITests.swift in Sources */,
				7BCA53D628E61DF900EA9E71 /* PhotoRouletteUITestsLaunchTests.swift in Sources */,
			);
			runOnlyForDeploymentPostprocessing = 0;
		};
/* End PBXSourcesBuildPhase section */

/* Begin PBXTargetDependency section */
		7BCA53C728E61DF900EA9E71 /* PBXTargetDependency */ = {
			isa = PBXTargetDependency;
			target = 7BCA53AE28E61DF700EA9E71 /* PhotoRoulette */;
			targetProxy = 7BCA53C628E61DF900EA9E71 /* PBXContainerItemProxy */;
		};
		7BCA53D128E61DF900EA9E71 /* PBXTargetDependency */ = {
			isa = PBXTargetDependency;
			target = 7BCA53AE28E61DF700EA9E71 /* PhotoRoulette */;
			targetProxy = 7BCA53D028E61DF900EA9E71 /* PBXContainerItemProxy */;
		};
/* End PBXTargetDependency section */

/* Begin PBXVariantGroup section */
		7BCA53B828E61DF700EA9E71 /* Main.storyboard */ = {
			isa = PBXVariantGroup;
			children = (
				7BCA53B928E61DF700EA9E71 /* Base */,
			);
			name = Main.storyboard;
			sourceTree = "<group>";
		};
		7BCA53BD28E61DF900EA9E71 /* LaunchScreen.storyboard */ = {
			isa = PBXVariantGroup;
			children = (
				7BCA53BE28E61DF900EA9E71 /* Base */,
			);
			name = LaunchScreen.storyboard;
			sourceTree = "<group>";
		};
/* End PBXVariantGroup section */

/* Begin XCBuildConfiguration section */
		7BCA53D728E61DF900EA9E71 /* Debug */ = {
			isa = XCBuildConfiguration;
			buildSettings = {
				ALWAYS_SEARCH_USER_PATHS = NO;
				CLANG_ANALYZER_NONNULL = YES;
				CLANG_ANALYZER_NUMBER_OBJECT_CONVERSION = YES_AGGRESSIVE;
				CLANG_CXX_LANGUAGE_STANDARD = "gnu++20";
				CLANG_ENABLE_MODULES = YES;
				CLANG_ENABLE_OBJC_ARC = YES;
				CLANG_ENABLE_OBJC_WEAK = YES;
				CLANG_WARN_BLOCK_CAPTURE_AUTORELEASING = YES;
				CLANG_WARN_BOOL_CONVERSION = YES;
				CLANG_WARN_COMMA = YES;
				CLANG_WARN_CONSTANT_CONVERSION = YES;
				CLANG_WARN_DEPRECATED_OBJC_IMPLEMENTATIONS = YES;
				CLANG_WARN_DIRECT_OBJC_ISA_USAGE = YES_ERROR;
				CLANG_WARN_DOCUMENTATION_COMMENTS = YES;
				CLANG_WARN_EMPTY_BODY = YES;
				CLANG_WARN_ENUM_CONVERSION = YES;
				CLANG_WARN_INFINITE_RECURSION = YES;
				CLANG_WARN_INT_CONVERSION = YES;
				CLANG_WARN_NON_LITERAL_NULL_CONVERSION = YES;
				CLANG_WARN_OBJC_IMPLICIT_RETAIN_SELF = YES;
				CLANG_WARN_OBJC_LITERAL_CONVERSION = YES;
				CLANG_WARN_OBJC_ROOT_CLASS = YES_ERROR;
				CLANG_WARN_QUOTED_INCLUDE_IN_FRAMEWORK_HEADER = YES;
				CLANG_WARN_RANGE_LOOP_ANALYSIS = YES;
				CLANG_WARN_STRICT_PROTOTYPES = YES;
				CLANG_WARN_SUSPICIOUS_MOVE = YES;
				CLANG_WARN_UNGUARDED_AVAILABILITY = YES_AGGRESSIVE;
				CLANG_WARN_UNREACHABLE_CODE = YES;
				CLANG_WARN__DUPLICATE_METHOD_MATCH = YES;
				COPY_PHASE_STRIP = NO;
				DEBUG_INFORMATION_FORMAT = dwarf;
				ENABLE_STRICT_OBJC_MSGSEND = YES;
				ENABLE_TESTABILITY = YES;
				GCC_C_LANGUAGE_STANDARD = gnu11;
				GCC_DYNAMIC_NO_PIC = NO;
				GCC_NO_COMMON_BLOCKS = YES;
				GCC_OPTIMIZATION_LEVEL = 0;
				GCC_PREPROCESSOR_DEFINITIONS = (
					"DEBUG=1",
					"$(inherited)",
				);
				GCC_WARN_64_TO_32_BIT_CONVERSION = YES;
				GCC_WARN_ABOUT_RETURN_TYPE = YES_ERROR;
				GCC_WARN_UNDECLARED_SELECTOR = YES;
				GCC_WARN_UNINITIALIZED_AUTOS = YES_AGGRESSIVE;
				GCC_WARN_UNUSED_FUNCTION = YES;
				GCC_WARN_UNUSED_VARIABLE = YES;
				IPHONEOS_DEPLOYMENT_TARGET = 16.0;
				MTL_ENABLE_DEBUG_INFO = INCLUDE_SOURCE;
				MTL_FAST_MATH = YES;
				ONLY_ACTIVE_ARCH = YES;
				SDKROOT = iphoneos;
				SWIFT_ACTIVE_COMPILATION_CONDITIONS = DEBUG;
				SWIFT_OPTIMIZATION_LEVEL = "-Onone";
			};
			name = Debug;
		};
		7BCA53D828E61DF900EA9E71 /* Release */ = {
			isa = XCBuildConfiguration;
			buildSettings = {
				ALWAYS_SEARCH_USER_PATHS = NO;
				CLANG_ANALYZER_NONNULL = YES;
				CLANG_ANALYZER_NUMBER_OBJECT_CONVERSION = YES_AGGRESSIVE;
				CLANG_CXX_LANGUAGE_STANDARD = "gnu++20";
				CLANG_ENABLE_MODULES = YES;
				CLANG_ENABLE_OBJC_ARC = YES;
				CLANG_ENABLE_OBJC_WEAK = YES;
				CLANG_WARN_BLOCK_CAPTURE_AUTORELEASING = YES;
				CLANG_WARN_BOOL_CONVERSION = YES;
				CLANG_WARN_COMMA = YES;
				CLANG_WARN_CONSTANT_CONVERSION = YES;
				CLANG_WARN_DEPRECATED_OBJC_IMPLEMENTATIONS = YES;
				CLANG_WARN_DIRECT_OBJC_ISA_USAGE = YES_ERROR;
				CLANG_WARN_DOCUMENTATION_COMMENTS = YES;
				CLANG_WARN_EMPTY_BODY = YES;
				CLANG_WARN_ENUM_CONVERSION = YES;
				CLANG_WARN_INFINITE_RECURSION = YES;
				CLANG_WARN_INT_CONVERSION = YES;
				CLANG_WARN_NON_LITERAL_NULL_CONVERSION = YES;
				CLANG_WARN_OBJC_IMPLICIT_RETAIN_SELF = YES;
				CLANG_WARN_OBJC_LITERAL_CONVERSION = YES;
				CLANG_WARN_OBJC_ROOT_CLASS = YES_ERROR;
				CLANG_WARN_QUOTED_INCLUDE_IN_FRAMEWORK_HEADER = YES;
				CLANG_WARN_RANGE_LOOP_ANALYSIS = YES;
				CLANG_WARN_STRICT_PROTOTYPES = YES;
				CLANG_WARN_SUSPICIOUS_MOVE = YES;
				CLANG_WARN_UNGUARDED_AVAILABILITY = YES_AGGRESSIVE;
				CLANG_WARN_UNREACHABLE_CODE = YES;
				CLANG_WARN__DUPLICATE_METHOD_MATCH = YES;
				COPY_PHASE_STRIP = NO;
				DEBUG_INFORMATION_FORMAT = "dwarf-with-dsym";
				ENABLE_NS_ASSERTIONS = NO;
				ENABLE_STRICT_OBJC_MSGSEND = YES;
				GCC_C_LANGUAGE_STANDARD = gnu11;
				GCC_NO_COMMON_BLOCKS = YES;
				GCC_WARN_64_TO_32_BIT_CONVERSION = YES;
				GCC_WARN_ABOUT_RETURN_TYPE = YES_ERROR;
				GCC_WARN_UNDECLARED_SELECTOR = YES;
				GCC_WARN_UNINITIALIZED_AUTOS = YES_AGGRESSIVE;
				GCC_WARN_UNUSED_FUNCTION = YES;
				GCC_WARN_UNUSED_VARIABLE = YES;
				IPHONEOS_DEPLOYMENT_TARGET = 16.0;
				MTL_ENABLE_DEBUG_INFO = NO;
				MTL_FAST_MATH = YES;
				SDKROOT = iphoneos;
				SWIFT_COMPILATION_MODE = wholemodule;
				SWIFT_OPTIMIZATION_LEVEL = "-O";
				VALIDATE_PRODUCT = YES;
			};
			name = Release;
		};
		7BCA53DA28E61DF900EA9E71 /* Debug */ = {
			isa = XCBuildConfiguration;
			buildSettings = {
				ASSETCATALOG_COMPILER_APPICON_NAME = AppIcon;
				ASSETCATALOG_COMPILER_GLOBAL_ACCENT_COLOR_NAME = AccentColor;
				CODE_SIGN_STYLE = Automatic;
				CURRENT_PROJECT_VERSION = 1;
				GENERATE_INFOPLIST_FILE = YES;
				INFOPLIST_FILE = PhotoRoulette/Info.plist;
				INFOPLIST_KEY_UIApplicationSupportsIndirectInputEvents = YES;
				INFOPLIST_KEY_UILaunchStoryboardName = LaunchScreen;
				INFOPLIST_KEY_UIMainStoryboardFile = Main;
				INFOPLIST_KEY_UISupportedInterfaceOrientations_iPad = "UIInterfaceOrientationPortrait UIInterfaceOrientationPortraitUpsideDown UIInterfaceOrientationLandscapeLeft UIInterfaceOrientationLandscapeRight";
				INFOPLIST_KEY_UISupportedInterfaceOrientations_iPhone = "UIInterfaceOrientationPortrait UIInterfaceOrientationLandscapeLeft UIInterfaceOrientationLandscapeRight";
				LD_RUNPATH_SEARCH_PATHS = (
					"$(inherited)",
					"@executable_path/Frameworks",
				);
				MARKETING_VERSION = 1.0;
				PRODUCT_BUNDLE_IDENTIFIER = group86.PhotoRoulette;
				PRODUCT_NAME = "$(TARGET_NAME)";
				SWIFT_EMIT_LOC_STRINGS = YES;
				SWIFT_VERSION = 5.0;
				TARGETED_DEVICE_FAMILY = "1,2";
			};
			name = Debug;
		};
		7BCA53DB28E61DF900EA9E71 /* Release */ = {
			isa = XCBuildConfiguration;
			buildSettings = {
				ASSETCATALOG_COMPILER_APPICON_NAME = AppIcon;
				ASSETCATALOG_COMPILER_GLOBAL_ACCENT_COLOR_NAME = AccentColor;
				CODE_SIGN_STYLE = Automatic;
				CURRENT_PROJECT_VERSION = 1;
				GENERATE_INFOPLIST_FILE = YES;
				INFOPLIST_FILE = PhotoRoulette/Info.plist;
				INFOPLIST_KEY_UIApplicationSupportsIndirectInputEvents = YES;
				INFOPLIST_KEY_UILaunchStoryboardName = LaunchScreen;
				INFOPLIST_KEY_UIMainStoryboardFile = Main;
				INFOPLIST_KEY_UISupportedInterfaceOrientations_iPad = "UIInterfaceOrientationPortrait UIInterfaceOrientationPortraitUpsideDown UIInterfaceOrientationLandscapeLeft UIInterfaceOrientationLandscapeRight";
				INFOPLIST_KEY_UISupportedInterfaceOrientations_iPhone = "UIInterfaceOrientationPortrait UIInterfaceOrientationLandscapeLeft UIInterfaceOrientationLandscapeRight";
				LD_RUNPATH_SEARCH_PATHS = (
					"$(inherited)",
					"@executable_path/Frameworks",
				);
				MARKETING_VERSION = 1.0;
				PRODUCT_BUNDLE_IDENTIFIER = group86.PhotoRoulette;
				PRODUCT_NAME = "$(TARGET_NAME)";
				SWIFT_EMIT_LOC_STRINGS = YES;
				SWIFT_VERSION = 5.0;
				TARGETED_DEVICE_FAMILY = "1,2";
			};
			name = Release;
		};
		7BCA53DD28E61DF900EA9E71 /* Debug */ = {
			isa = XCBuildConfiguration;
			buildSettings = {
				ALWAYS_EMBED_SWIFT_STANDARD_LIBRARIES = YES;
				BUNDLE_LOADER = "$(TEST_HOST)";
				CODE_SIGN_STYLE = Automatic;
				CURRENT_PROJECT_VERSION = 1;
				GENERATE_INFOPLIST_FILE = YES;
				IPHONEOS_DEPLOYMENT_TARGET = 16.0;
				MARKETING_VERSION = 1.0;
				PRODUCT_BUNDLE_IDENTIFIER = group86.PhotoRouletteTests;
				PRODUCT_NAME = "$(TARGET_NAME)";
				SWIFT_EMIT_LOC_STRINGS = NO;
				SWIFT_VERSION = 5.0;
				TARGETED_DEVICE_FAMILY = "1,2";
				TEST_HOST = "$(BUILT_PRODUCTS_DIR)/PhotoRoulette.app/$(BUNDLE_EXECUTABLE_FOLDER_PATH)/PhotoRoulette";
			};
			name = Debug;
		};
		7BCA53DE28E61DF900EA9E71 /* Release */ = {
			isa = XCBuildConfiguration;
			buildSettings = {
				ALWAYS_EMBED_SWIFT_STANDARD_LIBRARIES = YES;
				BUNDLE_LOADER = "$(TEST_HOST)";
				CODE_SIGN_STYLE = Automatic;
				CURRENT_PROJECT_VERSION = 1;
				GENERATE_INFOPLIST_FILE = YES;
				IPHONEOS_DEPLOYMENT_TARGET = 16.0;
				MARKETING_VERSION = 1.0;
				PRODUCT_BUNDLE_IDENTIFIER = group86.PhotoRouletteTests;
				PRODUCT_NAME = "$(TARGET_NAME)";
				SWIFT_EMIT_LOC_STRINGS = NO;
				SWIFT_VERSION = 5.0;
				TARGETED_DEVICE_FAMILY = "1,2";
				TEST_HOST = "$(BUILT_PRODUCTS_DIR)/PhotoRoulette.app/$(BUNDLE_EXECUTABLE_FOLDER_PATH)/PhotoRoulette";
			};
			name = Release;
		};
		7BCA53E028E61DF900EA9E71 /* Debug */ = {
			isa = XCBuildConfiguration;
			buildSettings = {
				ALWAYS_EMBED_SWIFT_STANDARD_LIBRARIES = YES;
				CODE_SIGN_STYLE = Automatic;
				CURRENT_PROJECT_VERSION = 1;
				GENERATE_INFOPLIST_FILE = YES;
				MARKETING_VERSION = 1.0;
				PRODUCT_BUNDLE_IDENTIFIER = group86.PhotoRouletteUITests;
				PRODUCT_NAME = "$(TARGET_NAME)";
				SWIFT_EMIT_LOC_STRINGS = NO;
				SWIFT_VERSION = 5.0;
				TARGETED_DEVICE_FAMILY = "1,2";
				TEST_TARGET_NAME = PhotoRoulette;
			};
			name = Debug;
		};
		7BCA53E128E61DF900EA9E71 /* Release */ = {
			isa = XCBuildConfiguration;
			buildSettings = {
				ALWAYS_EMBED_SWIFT_STANDARD_LIBRARIES = YES;
				CODE_SIGN_STYLE = Automatic;
				CURRENT_PROJECT_VERSION = 1;
				GENERATE_INFOPLIST_FILE = YES;
				MARKETING_VERSION = 1.0;
				PRODUCT_BUNDLE_IDENTIFIER = group86.PhotoRouletteUITests;
				PRODUCT_NAME = "$(TARGET_NAME)";
				SWIFT_EMIT_LOC_STRINGS = NO;
				SWIFT_VERSION = 5.0;
				TARGETED_DEVICE_FAMILY = "1,2";
				TEST_TARGET_NAME = PhotoRoulette;
			};
			name = Release;
		};
/* End XCBuildConfiguration section */

/* Begin XCConfigurationList section */
		7BCA53AA28E61DF700EA9E71 /* Build configuration list for PBXProject "PhotoRoulette" */ = {
			isa = XCConfigurationList;
			buildConfigurations = (
				7BCA53D728E61DF900EA9E71 /* Debug */,
				7BCA53D828E61DF900EA9E71 /* Release */,
			);
			defaultConfigurationIsVisible = 0;
			defaultConfigurationName = Release;
		};
		7BCA53D928E61DF900EA9E71 /* Build configuration list for PBXNativeTarget "PhotoRoulette" */ = {
			isa = XCConfigurationList;
			buildConfigurations = (
				7BCA53DA28E61DF900EA9E71 /* Debug */,
				7BCA53DB28E61DF900EA9E71 /* Release */,
			);
			defaultConfigurationIsVisible = 0;
			defaultConfigurationName = Release;
		};
		7BCA53DC28E61DF900EA9E71 /* Build configuration list for PBXNativeTarget "PhotoRouletteTests" */ = {
			isa = XCConfigurationList;
			buildConfigurations = (
				7BCA53DD28E61DF900EA9E71 /* Debug */,
				7BCA53DE28E61DF900EA9E71 /* Release */,
			);
			defaultConfigurationIsVisible = 0;
			defaultConfigurationName = Release;
		};
		7BCA53DF28E61DF900EA9E71 /* Build configuration list for PBXNativeTarget "PhotoRouletteUITests" */ = {
			isa = XCConfigurationList;
			buildConfigurations = (
				7BCA53E028E61DF900EA9E71 /* Debug */,
				7BCA53E128E61DF900EA9E71 /* Release */,
			);
			defaultConfigurationIsVisible = 0;
			defaultConfigurationName = Release;
		};
/* End XCConfigurationList section */
	};
	rootObject = 7BCA53A728E61DF700EA9E71 /* Project object */;
}
